
Microsoft Visual Studio Solution File, Format Version 12.00
# Visual Studio Version 17
VisualStudioVersion = 17.2.32630.192
MinimumVisualStudioVersion = 10.0.40219.1
Project("{FAE04EC0-301F-11D3-BF4B-00C04F79EFBC}") = "Tutorial", "Tutorial.csproj", "{AD290E59-56B5-4235-9F00-DFD6095E2F69}"
EndProject
Global
	GlobalSection(SolutionConfigurationPlatforms) = preSolution
		Debug|Any CPU = Debug|Any CPU
		Release|Any CPU = Release|Any CPU
	EndGlobalSection
	GlobalSection(ProjectConfigurationPlatforms) = postSolution
		{AD290E59-56B5-4235-9F00-DFD6095E2F69}.Debug|Any CPU.ActiveCfg = Debug|Any CPU
		{AD290E59-56B5-4235-9F00-DFD6095E2F69}.Debug|Any CPU.Build.0 = Debug|Any CPU
		{AD290E59-56B5-4235-9F00-DFD6095E2F69}.Release|Any CPU.ActiveCfg = Release|Any CPU
		{AD290E59-56B5-4235-9F00-DFD6095E2F69}.Release|Any CPU.Build.0 = Release|Any CPU
	EndGlobalSection
	GlobalSection(SolutionProperties) = preSolution
		HideSolutionNode = FALSE
	EndGlobalSection
	GlobalSection(ExtensibilityGlobals) = postSolution
		SolutionGuid = {CE16E24D-A6BD-46E0-A055-5E1F20F4E9D5}
	EndGlobalSection
EndGlobal
